
Microsoft Visual Studio Solution File, Format Version 12.00
# Visual Studio 15
Project("{FAE04EC0-301F-11D3-BF4B-00C04F79EFBC}") = "BMFont2", "BMFont2.csproj", "{7668EA1E-DA90-203A-3480-7ED042F4C0D7}"
EndProject
Project("{FAE04EC0-301F-11D3-BF4B-00C04F79EFBC}") = "BMFont2.Editor", "BMFont2.Editor.csproj", "{7AE400B4-83FB-3EFF-E766-C85161317D2A}"
EndProject
Global
	GlobalSection(SolutionConfigurationPlatforms) = preSolution
		Debug|Any CPU = Debug|Any CPU
		Release|Any CPU = Release|Any CPU
	EndGlobalSection
	GlobalSection(ProjectConfigurationPlatforms) = postSolution
		{7668EA1E-DA90-203A-3480-7ED042F4C0D7}.Debug|Any CPU.ActiveCfg = Debug|Any CPU
		{7668EA1E-DA90-203A-3480-7ED042F4C0D7}.Debug|Any CPU.Build.0 = Debug|Any CPU
		{7668EA1E-DA90-203A-3480-7ED042F4C0D7}.Release|Any CPU.ActiveCfg = Release|Any CPU
		{7668EA1E-DA90-203A-3480-7ED042F4C0D7}.Release|Any CPU.Build.0 = Release|Any CPU
		{7AE400B4-83FB-3EFF-E766-C85161317D2A}.Debug|Any CPU.ActiveCfg = Debug|Any CPU
		{7AE400B4-83FB-3EFF-E766-C85161317D2A}.Debug|Any CPU.Build.0 = Debug|Any CPU
		{7AE400B4-83FB-3EFF-E766-C85161317D2A}.Release|Any CPU.ActiveCfg = Release|Any CPU
		{7AE400B4-83FB-3EFF-E766-C85161317D2A}.Release|Any CPU.Build.0 = Release|Any CPU
	EndGlobalSection
	GlobalSection(SolutionProperties) = preSolution
		HideSolutionNode = FALSE
	EndGlobalSection
EndGlobal
